// !$*UTF8*$!
{
	archiveVersion = 1;
	classes = {
	};
	objectVersion = 56;
	objects = {

/* Begin PBXBuildFile section */
		6504298F295017600020A427 /* AppDelegate.swift in Sources */ = {isa = PBXBuildFile; fileRef = 6504298E295017600020A427 /* AppDelegate.swift */; };
		65042993295017600020A427 /* HomeViewController.swift in Sources */ = {isa = PBXBuildFile; fileRef = 65042992295017600020A427 /* HomeViewController.swift */; };
		65042998295017630020A427 /* Assets.xcassets in Resources */ = {isa = PBXBuildFile; fileRef = 65042997295017630020A427 /* Assets.xcassets */; };
		6504299B295017630020A427 /* LaunchScreen.storyboard in Resources */ = {isa = PBXBuildFile; fileRef = 65042999295017630020A427 /* LaunchScreen.storyboard */; };
		AE1B37DB29506CD800D2E902 /* .gitignore in Resources */ = {isa = PBXBuildFile; fileRef = AE1B37DA29506CD800D2E902 /* .gitignore */; };
		AE1D397C2955928B00654BC9 /* TrackCellView.swift in Sources */ = {isa = PBXBuildFile; fileRef = AE1D397B2955928B00654BC9 /* TrackCellView.swift */; };
		AE1D39862955CBBB00654BC9 /* PlayerViewController.swift in Sources */ = {isa = PBXBuildFile; fileRef = AE1D39852955CBBB00654BC9 /* PlayerViewController.swift */; };
		AE29CA35295C379B00D74B75 /* CustomPlayerScreenButton.swift in Sources */ = {isa = PBXBuildFile; fileRef = AE29CA34295C379B00D74B75 /* CustomPlayerScreenButton.swift */; };
		AE29CA38295C469700D74B75 /* CustomPlayerScreenLabel.swift in Sources */ = {isa = PBXBuildFile; fileRef = AE29CA37295C469600D74B75 /* CustomPlayerScreenLabel.swift */; };
		AEAEA785295D898900E91F84 /* PlayerService.swift in Sources */ = {isa = PBXBuildFile; fileRef = AEAEA784295D898900E91F84 /* PlayerService.swift */; };
		AEAEA788295D904800E91F84 /* Wiggle.mp3 in Resources */ = {isa = PBXBuildFile; fileRef = AEAEA786295D904800E91F84 /* Wiggle.mp3 */; };
		AEAEA789295D904800E91F84 /* Дикий мужчина.mp3 in Resources */ = {isa = PBXBuildFile; fileRef = AEAEA787295D904800E91F84 /* Дикий мужчина.mp3 */; };
		AEAEA78D295D9C9D00E91F84 /* Float+Extensions.swift in Sources */ = {isa = PBXBuildFile; fileRef = AEAEA78C295D9C9D00E91F84 /* Float+Extensions.swift */; };
		AEAEA78F295D9D7800E91F84 /* Int+Extensions.swift in Sources */ = {isa = PBXBuildFile; fileRef = AEAEA78E295D9D7800E91F84 /* Int+Extensions.swift */; };
		AEDE5F73296D74CD00DD541F /* Coordinator.swift in Sources */ = {isa = PBXBuildFile; fileRef = AEDE5F72296D74CD00DD541F /* Coordinator.swift */; };
		AEDE5F75296D750F00DD541F /* AppCoordinator.swift in Sources */ = {isa = PBXBuildFile; fileRef = AEDE5F74296D750F00DD541F /* AppCoordinator.swift */; };
		AEDE5F77296D766000DD541F /* HomeViewModel.swift in Sources */ = {isa = PBXBuildFile; fileRef = AEDE5F76296D766000DD541F /* HomeViewModel.swift */; };
		AEDE5F79296D767A00DD541F /* HomeViewModelProtocol.swift in Sources */ = {isa = PBXBuildFile; fileRef = AEDE5F78296D767A00DD541F /* HomeViewModelProtocol.swift */; };
		AEDE5F7C296D771500DD541F /* TrackModel.swift in Sources */ = {isa = PBXBuildFile; fileRef = AEDE5F7B296D771500DD541F /* TrackModel.swift */; };
		AEDE5F7E296D85FC00DD541F /* MockMusicData.swift in Sources */ = {isa = PBXBuildFile; fileRef = AEDE5F7D296D85FC00DD541F /* MockMusicData.swift */; };
		AEDE5F80296D9CD300DD541F /* PlayerViewModelProtocol.swift in Sources */ = {isa = PBXBuildFile; fileRef = AEDE5F7F296D9CD300DD541F /* PlayerViewModelProtocol.swift */; };
		AEDE5F82296D9CE300DD541F /* PlayerViewModel.swift in Sources */ = {isa = PBXBuildFile; fileRef = AEDE5F81296D9CE300DD541F /* PlayerViewModel.swift */; };
/* End PBXBuildFile section */

/* Begin PBXFileReference section */
		6504298B295017600020A427 /* UIKitHW.app */ = {isa = PBXFileReference; explicitFileType = wrapper.application; includeInIndex = 0; path = UIKitHW.app; sourceTree = BUILT_PRODUCTS_DIR; };
		6504298E295017600020A427 /* AppDelegate.swift */ = {isa = PBXFileReference; lastKnownFileType = sourcecode.swift; path = AppDelegate.swift; sourceTree = "<group>"; };
		65042992295017600020A427 /* HomeViewController.swift */ = {isa = PBXFileReference; lastKnownFileType = sourcecode.swift; path = HomeViewController.swift; sourceTree = "<group>"; };
		65042997295017630020A427 /* Assets.xcassets */ = {isa = PBXFileReference; lastKnownFileType = folder.assetcatalog; path = Assets.xcassets; sourceTree = "<group>"; };
		6504299A295017630020A427 /* Base */ = {isa = PBXFileReference; lastKnownFileType = file.storyboard; name = Base; path = Base.lproj/LaunchScreen.storyboard; sourceTree = "<group>"; };
		6504299C295017630020A427 /* Info.plist */ = {isa = PBXFileReference; lastKnownFileType = text.plist.xml; path = Info.plist; sourceTree = "<group>"; };
		AE1B37DA29506CD800D2E902 /* .gitignore */ = {isa = PBXFileReference; lastKnownFileType = text; path = .gitignore; sourceTree = "<group>"; };
		AE1D397B2955928B00654BC9 /* TrackCellView.swift */ = {isa = PBXFileReference; lastKnownFileType = sourcecode.swift; path = TrackCellView.swift; sourceTree = "<group>"; };
		AE1D39852955CBBB00654BC9 /* PlayerViewController.swift */ = {isa = PBXFileReference; lastKnownFileType = sourcecode.swift; path = PlayerViewController.swift; sourceTree = "<group>"; };
		AE29CA34295C379B00D74B75 /* CustomPlayerScreenButton.swift */ = {isa = PBXFileReference; lastKnownFileType = sourcecode.swift; path = CustomPlayerScreenButton.swift; sourceTree = "<group>"; };
		AE29CA37295C469600D74B75 /* CustomPlayerScreenLabel.swift */ = {isa = PBXFileReference; lastKnownFileType = sourcecode.swift; path = CustomPlayerScreenLabel.swift; sourceTree = "<group>"; };
		AEAEA784295D898900E91F84 /* PlayerService.swift */ = {isa = PBXFileReference; lastKnownFileType = sourcecode.swift; path = PlayerService.swift; sourceTree = "<group>"; };
		AEAEA786295D904800E91F84 /* Wiggle.mp3 */ = {isa = PBXFileReference; lastKnownFileType = audio.mp3; path = Wiggle.mp3; sourceTree = "<group>"; };
		AEAEA787295D904800E91F84 /* Дикий мужчина.mp3 */ = {isa = PBXFileReference; lastKnownFileType = audio.mp3; path = "Дикий мужчина.mp3"; sourceTree = "<group>"; };
		AEAEA78C295D9C9D00E91F84 /* Float+Extensions.swift */ = {isa = PBXFileReference; lastKnownFileType = sourcecode.swift; path = "Float+Extensions.swift"; sourceTree = "<group>"; };
		AEAEA78E295D9D7800E91F84 /* Int+Extensions.swift */ = {isa = PBXFileReference; lastKnownFileType = sourcecode.swift; path = "Int+Extensions.swift"; sourceTree = "<group>"; };
		AEDE5F72296D74CD00DD541F /* Coordinator.swift */ = {isa = PBXFileReference; lastKnownFileType = sourcecode.swift; path = Coordinator.swift; sourceTree = "<group>"; };
		AEDE5F74296D750F00DD541F /* AppCoordinator.swift */ = {isa = PBXFileReference; lastKnownFileType = sourcecode.swift; path = AppCoordinator.swift; sourceTree = "<group>"; };
		AEDE5F76296D766000DD541F /* HomeViewModel.swift */ = {isa = PBXFileReference; lastKnownFileType = sourcecode.swift; path = HomeViewModel.swift; sourceTree = "<group>"; };
		AEDE5F78296D767A00DD541F /* HomeViewModelProtocol.swift */ = {isa = PBXFileReference; lastKnownFileType = sourcecode.swift; path = HomeViewModelProtocol.swift; sourceTree = "<group>"; };
		AEDE5F7B296D771500DD541F /* TrackModel.swift */ = {isa = PBXFileReference; lastKnownFileType = sourcecode.swift; path = TrackModel.swift; sourceTree = "<group>"; };
		AEDE5F7D296D85FC00DD541F /* MockMusicData.swift */ = {isa = PBXFileReference; lastKnownFileType = sourcecode.swift; path = MockMusicData.swift; sourceTree = "<group>"; };
		AEDE5F7F296D9CD300DD541F /* PlayerViewModelProtocol.swift */ = {isa = PBXFileReference; lastKnownFileType = sourcecode.swift; path = PlayerViewModelProtocol.swift; sourceTree = "<group>"; };
		AEDE5F81296D9CE300DD541F /* PlayerViewModel.swift */ = {isa = PBXFileReference; lastKnownFileType = sourcecode.swift; path = PlayerViewModel.swift; sourceTree = "<group>"; };
/* End PBXFileReference section */

/* Begin PBXFrameworksBuildPhase section */
		65042988295017600020A427 /* Frameworks */ = {
			isa = PBXFrameworksBuildPhase;
			buildActionMask = 2147483647;
			files = (
			);
			runOnlyForDeploymentPostprocessing = 0;
		};
/* End PBXFrameworksBuildPhase section */

/* Begin PBXGroup section */
		65042982295017600020A427 = {
			isa = PBXGroup;
			children = (
				6504298D295017600020A427 /* UIKitHW */,
				6504298C295017600020A427 /* Products */,
			);
			sourceTree = "<group>";
		};
		6504298C295017600020A427 /* Products */ = {
			isa = PBXGroup;
			children = (
				6504298B295017600020A427 /* UIKitHW.app */,
			);
			name = Products;
			sourceTree = "<group>";
		};
		6504298D295017600020A427 /* UIKitHW */ = {
			isa = PBXGroup;
			children = (
				650429A329501A120020A427 /* Application */,
				AEDE5F71296D74B700DD541F /* Coordinator */,
				AEAEA78B295D9C8900E91F84 /* Extensions */,
				AE29CA32295C310700D74B75 /* HomeModule */,
				AEDE5F7A296D76FE00DD541F /* Models */,
				AE29CA33295C312000D74B75 /* PlayerModule */,
				650429A229501A0C0020A427 /* Resources */,
				AEAEA783295D897100E91F84 /* Services */,
			);
			path = UIKitHW;
			sourceTree = "<group>";
		};
		650429A229501A0C0020A427 /* Resources */ = {
			isa = PBXGroup;
			children = (
				65042997295017630020A427 /* Assets.xcassets */,
				65042999295017630020A427 /* LaunchScreen.storyboard */,
				6504299C295017630020A427 /* Info.plist */,
				AE1B37DA29506CD800D2E902 /* .gitignore */,
				AEAEA78A295D905200E91F84 /* mp3 */,
			);
			path = Resources;
			sourceTree = "<group>";
		};
		650429A329501A120020A427 /* Application */ = {
			isa = PBXGroup;
			children = (
				6504298E295017600020A427 /* AppDelegate.swift */,
			);
			path = Application;
			sourceTree = "<group>";
		};
		AE1D397A2955927500654BC9 /* CellView */ = {
			isa = PBXGroup;
			children = (
				AE1D397B2955928B00654BC9 /* TrackCellView.swift */,
			);
			path = CellView;
			sourceTree = "<group>";
		};
		AE29CA32295C310700D74B75 /* HomeModule */ = {
			isa = PBXGroup;
			children = (
				AE1D397A2955927500654BC9 /* CellView */,
				65042992295017600020A427 /* HomeViewController.swift */,
				AEDE5F76296D766000DD541F /* HomeViewModel.swift */,
				AEDE5F78296D767A00DD541F /* HomeViewModelProtocol.swift */,
			);
			path = HomeModule;
			sourceTree = "<group>";
		};
		AE29CA33295C312000D74B75 /* PlayerModule */ = {
			isa = PBXGroup;
			children = (
				AE29CA36295C3DB000D74B75 /* CustomItemUI */,
				AE1D39852955CBBB00654BC9 /* PlayerViewController.swift */,
				AEDE5F7F296D9CD300DD541F /* PlayerViewModelProtocol.swift */,
				AEDE5F81296D9CE300DD541F /* PlayerViewModel.swift */,
			);
			path = PlayerModule;
			sourceTree = "<group>";
		};
		AE29CA36295C3DB000D74B75 /* CustomItemUI */ = {
			isa = PBXGroup;
			children = (
				AE29CA34295C379B00D74B75 /* CustomPlayerScreenButton.swift */,
				AE29CA37295C469600D74B75 /* CustomPlayerScreenLabel.swift */,
			);
			path = CustomItemUI;
			sourceTree = "<group>";
		};
		AEAEA783295D897100E91F84 /* Services */ = {
			isa = PBXGroup;
			children = (
				AEAEA784295D898900E91F84 /* PlayerService.swift */,
				AEDE5F7D296D85FC00DD541F /* MockMusicData.swift */,
			);
			path = Services;
			sourceTree = "<group>";
		};
		AEAEA78A295D905200E91F84 /* mp3 */ = {
			isa = PBXGroup;
			children = (
				AEAEA787295D904800E91F84 /* Дикий мужчина.mp3 */,
				AEAEA786295D904800E91F84 /* Wiggle.mp3 */,
			);
			path = mp3;
			sourceTree = "<group>";
		};
		AEAEA78B295D9C8900E91F84 /* Extensions */ = {
			isa = PBXGroup;
			children = (
				AEAEA78C295D9C9D00E91F84 /* Float+Extensions.swift */,
				AEAEA78E295D9D7800E91F84 /* Int+Extensions.swift */,
			);
			path = Extensions;
			sourceTree = "<group>";
		};
		AEDE5F71296D74B700DD541F /* Coordinator */ = {
			isa = PBXGroup;
			children = (
				AEDE5F72296D74CD00DD541F /* Coordinator.swift */,
				AEDE5F74296D750F00DD541F /* AppCoordinator.swift */,
			);
			path = Coordinator;
			sourceTree = "<group>";
		};
		AEDE5F7A296D76FE00DD541F /* Models */ = {
			isa = PBXGroup;
			children = (
				AEDE5F7B296D771500DD541F /* TrackModel.swift */,
			);
			path = Models;
			sourceTree = "<group>";
		};
/* End PBXGroup section */

/* Begin PBXNativeTarget section */
		6504298A295017600020A427 /* UIKitHW */ = {
			isa = PBXNativeTarget;
			buildConfigurationList = 6504299F295017630020A427 /* Build configuration list for PBXNativeTarget "UIKitHW" */;
			buildPhases = (
				65042987295017600020A427 /* Sources */,
				65042988295017600020A427 /* Frameworks */,
				65042989295017600020A427 /* Resources */,
			);
			buildRules = (
			);
			dependencies = (
			);
			name = UIKitHW;
			productName = UIKitHW;
			productReference = 6504298B295017600020A427 /* UIKitHW.app */;
			productType = "com.apple.product-type.application";
		};
/* End PBXNativeTarget section */

/* Begin PBXProject section */
		65042983295017600020A427 /* Project object */ = {
			isa = PBXProject;
			attributes = {
				BuildIndependentTargetsInParallel = 1;
				LastSwiftUpdateCheck = 1420;
				LastUpgradeCheck = 1420;
				TargetAttributes = {
					6504298A295017600020A427 = {
						CreatedOnToolsVersion = 14.2;
					};
				};
			};
			buildConfigurationList = 65042986295017600020A427 /* Build configuration list for PBXProject "UIKitHW" */;
			compatibilityVersion = "Xcode 14.0";
			developmentRegion = en;
			hasScannedForEncodings = 0;
			knownRegions = (
				en,
				Base,
			);
			mainGroup = 65042982295017600020A427;
			productRefGroup = 6504298C295017600020A427 /* Products */;
			projectDirPath = "";
			projectRoot = "";
			targets = (
				6504298A295017600020A427 /* UIKitHW */,
			);
		};
/* End PBXProject section */

/* Begin PBXResourcesBuildPhase section */
		65042989295017600020A427 /* Resources */ = {
			isa = PBXResourcesBuildPhase;
			buildActionMask = 2147483647;
			files = (
				6504299B295017630020A427 /* LaunchScreen.storyboard in Resources */,
				AEAEA789295D904800E91F84 /* Дикий мужчина.mp3 in Resources */,
				AE1B37DB29506CD800D2E902 /* .gitignore in Resources */,
				65042998295017630020A427 /* Assets.xcassets in Resources */,
				AEAEA788295D904800E91F84 /* Wiggle.mp3 in Resources */,
			);
			runOnlyForDeploymentPostprocessing = 0;
		};
/* End PBXResourcesBuildPhase section */

/* Begin PBXSourcesBuildPhase section */
		65042987295017600020A427 /* Sources */ = {
			isa = PBXSourcesBuildPhase;
			buildActionMask = 2147483647;
			files = (
				AEDE5F75296D750F00DD541F /* AppCoordinator.swift in Sources */,
				65042993295017600020A427 /* HomeViewController.swift in Sources */,
				AEAEA785295D898900E91F84 /* PlayerService.swift in Sources */,
				AEDE5F80296D9CD300DD541F /* PlayerViewModelProtocol.swift in Sources */,
				AEDE5F73296D74CD00DD541F /* Coordinator.swift in Sources */,
				AEDE5F7E296D85FC00DD541F /* MockMusicData.swift in Sources */,
				AEAEA78D295D9C9D00E91F84 /* Float+Extensions.swift in Sources */,
				AEAEA78F295D9D7800E91F84 /* Int+Extensions.swift in Sources */,
				AEDE5F79296D767A00DD541F /* HomeViewModelProtocol.swift in Sources */,
				6504298F295017600020A427 /* AppDelegate.swift in Sources */,
				AEDE5F77296D766000DD541F /* HomeViewModel.swift in Sources */,
				AEDE5F7C296D771500DD541F /* TrackModel.swift in Sources */,
				AE1D397C2955928B00654BC9 /* TrackCellView.swift in Sources */,
				AE29CA38295C469700D74B75 /* CustomPlayerScreenLabel.swift in Sources */,
				AE29CA35295C379B00D74B75 /* CustomPlayerScreenButton.swift in Sources */,
				AE1D39862955CBBB00654BC9 /* PlayerViewController.swift in Sources */,
				AEDE5F82296D9CE300DD541F /* PlayerViewModel.swift in Sources */,
			);
			runOnlyForDeploymentPostprocessing = 0;
		};
/* End PBXSourcesBuildPhase section */

/* Begin PBXVariantGroup section */
		65042999295017630020A427 /* LaunchScreen.storyboard */ = {
			isa = PBXVariantGroup;
			children = (
				6504299A295017630020A427 /* Base */,
			);
			name = LaunchScreen.storyboard;
			sourceTree = "<group>";
		};
/* End PBXVariantGroup section */

/* Begin XCBuildConfiguration section */
		6504299D295017630020A427 /* Debug */ = {
			isa = XCBuildConfiguration;
			buildSettings = {
				ALWAYS_SEARCH_USER_PATHS = NO;
				CLANG_ANALYZER_NONNULL = YES;
				CLANG_ANALYZER_NUMBER_OBJECT_CONVERSION = YES_AGGRESSIVE;
				CLANG_CXX_LANGUAGE_STANDARD = "gnu++20";
				CLANG_ENABLE_MODULES = YES;
				CLANG_ENABLE_OBJC_ARC = YES;
				CLANG_ENABLE_OBJC_WEAK = YES;
				CLANG_WARN_BLOCK_CAPTURE_AUTORELEASING = YES;
				CLANG_WARN_BOOL_CONVERSION = YES;
				CLANG_WARN_COMMA = YES;
				CLANG_WARN_CONSTANT_CONVERSION = YES;
				CLANG_WARN_DEPRECATED_OBJC_IMPLEMENTATIONS = YES;
				CLANG_WARN_DIRECT_OBJC_ISA_USAGE = YES_ERROR;
				CLANG_WARN_DOCUMENTATION_COMMENTS = YES;
				CLANG_WARN_EMPTY_BODY = YES;
				CLANG_WARN_ENUM_CONVERSION = YES;
				CLANG_WARN_INFINITE_RECURSION = YES;
				CLANG_WARN_INT_CONVERSION = YES;
				CLANG_WARN_NON_LITERAL_NULL_CONVERSION = YES;
				CLANG_WARN_OBJC_IMPLICIT_RETAIN_SELF = YES;
				CLANG_WARN_OBJC_LITERAL_CONVERSION = YES;
				CLANG_WARN_OBJC_ROOT_CLASS = YES_ERROR;
				CLANG_WARN_QUOTED_INCLUDE_IN_FRAMEWORK_HEADER = YES;
				CLANG_WARN_RANGE_LOOP_ANALYSIS = YES;
				CLANG_WARN_STRICT_PROTOTYPES = YES;
				CLANG_WARN_SUSPICIOUS_MOVE = YES;
				CLANG_WARN_UNGUARDED_AVAILABILITY = YES_AGGRESSIVE;
				CLANG_WARN_UNREACHABLE_CODE = YES;
				CLANG_WARN__DUPLICATE_METHOD_MATCH = YES;
				COPY_PHASE_STRIP = NO;
				DEBUG_INFORMATION_FORMAT = dwarf;
				ENABLE_STRICT_OBJC_MSGSEND = YES;
				ENABLE_TESTABILITY = YES;
				GCC_C_LANGUAGE_STANDARD = gnu11;
				GCC_DYNAMIC_NO_PIC = NO;
				GCC_NO_COMMON_BLOCKS = YES;
				GCC_OPTIMIZATION_LEVEL = 0;
				GCC_PREPROCESSOR_DEFINITIONS = (
					"DEBUG=1",
					"$(inherited)",
				);
				GCC_WARN_64_TO_32_BIT_CONVERSION = YES;
				GCC_WARN_ABOUT_RETURN_TYPE = YES_ERROR;
				GCC_WARN_UNDECLARED_SELECTOR = YES;
				GCC_WARN_UNINITIALIZED_AUTOS = YES_AGGRESSIVE;
				GCC_WARN_UNUSED_FUNCTION = YES;
				GCC_WARN_UNUSED_VARIABLE = YES;
				IPHONEOS_DEPLOYMENT_TARGET = 16.2;
				MTL_ENABLE_DEBUG_INFO = INCLUDE_SOURCE;
				MTL_FAST_MATH = YES;
				ONLY_ACTIVE_ARCH = YES;
				SDKROOT = iphoneos;
				SWIFT_ACTIVE_COMPILATION_CONDITIONS = DEBUG;
				SWIFT_OPTIMIZATION_LEVEL = "-Onone";
			};
			name = Debug;
		};
		6504299E295017630020A427 /* Release */ = {
			isa = XCBuildConfiguration;
			buildSettings = {
				ALWAYS_SEARCH_USER_PATHS = NO;
				CLANG_ANALYZER_NONNULL = YES;
				CLANG_ANALYZER_NUMBER_OBJECT_CONVERSION = YES_AGGRESSIVE;
				CLANG_CXX_LANGUAGE_STANDARD = "gnu++20";
				CLANG_ENABLE_MODULES = YES;
				CLANG_ENABLE_OBJC_ARC = YES;
				CLANG_ENABLE_OBJC_WEAK = YES;
				CLANG_WARN_BLOCK_CAPTURE_AUTORELEASING = YES;
				CLANG_WARN_BOOL_CONVERSION = YES;
				CLANG_WARN_COMMA = YES;
				CLANG_WARN_CONSTANT_CONVERSION = YES;
				CLANG_WARN_DEPRECATED_OBJC_IMPLEMENTATIONS = YES;
				CLANG_WARN_DIRECT_OBJC_ISA_USAGE = YES_ERROR;
				CLANG_WARN_DOCUMENTATION_COMMENTS = YES;
				CLANG_WARN_EMPTY_BODY = YES;
				CLANG_WARN_ENUM_CONVERSION = YES;
				CLANG_WARN_INFINITE_RECURSION = YES;
				CLANG_WARN_INT_CONVERSION = YES;
				CLANG_WARN_NON_LITERAL_NULL_CONVERSION = YES;
				CLANG_WARN_OBJC_IMPLICIT_RETAIN_SELF = YES;
				CLANG_WARN_OBJC_LITERAL_CONVERSION = YES;
				CLANG_WARN_OBJC_ROOT_CLASS = YES_ERROR;
				CLANG_WARN_QUOTED_INCLUDE_IN_FRAMEWORK_HEADER = YES;
				CLANG_WARN_RANGE_LOOP_ANALYSIS = YES;
				CLANG_WARN_STRICT_PROTOTYPES = YES;
				CLANG_WARN_SUSPICIOUS_MOVE = YES;
				CLANG_WARN_UNGUARDED_AVAILABILITY = YES_AGGRESSIVE;
				CLANG_WARN_UNREACHABLE_CODE = YES;
				CLANG_WARN__DUPLICATE_METHOD_MATCH = YES;
				COPY_PHASE_STRIP = NO;
				DEBUG_INFORMATION_FORMAT = "dwarf-with-dsym";
				ENABLE_NS_ASSERTIONS = NO;
				ENABLE_STRICT_OBJC_MSGSEND = YES;
				GCC_C_LANGUAGE_STANDARD = gnu11;
				GCC_NO_COMMON_BLOCKS = YES;
				GCC_WARN_64_TO_32_BIT_CONVERSION = YES;
				GCC_WARN_ABOUT_RETURN_TYPE = YES_ERROR;
				GCC_WARN_UNDECLARED_SELECTOR = YES;
				GCC_WARN_UNINITIALIZED_AUTOS = YES_AGGRESSIVE;
				GCC_WARN_UNUSED_FUNCTION = YES;
				GCC_WARN_UNUSED_VARIABLE = YES;
				IPHONEOS_DEPLOYMENT_TARGET = 16.2;
				MTL_ENABLE_DEBUG_INFO = NO;
				MTL_FAST_MATH = YES;
				SDKROOT = iphoneos;
				SWIFT_COMPILATION_MODE = wholemodule;
				SWIFT_OPTIMIZATION_LEVEL = "-O";
				VALIDATE_PRODUCT = YES;
			};
			name = Release;
		};
		650429A0295017630020A427 /* Debug */ = {
			isa = XCBuildConfiguration;
			buildSettings = {
				ASSETCATALOG_COMPILER_APPICON_NAME = AppIcon;
				ASSETCATALOG_COMPILER_GLOBAL_ACCENT_COLOR_NAME = AccentColor;
				CODE_SIGN_STYLE = Automatic;
				CURRENT_PROJECT_VERSION = 1;
				DEVELOPMENT_TEAM = U5F242W6NH;
				GENERATE_INFOPLIST_FILE = YES;
				INFOPLIST_FILE = UIKitHW/Resources/Info.plist;
				INFOPLIST_KEY_UIApplicationSupportsIndirectInputEvents = YES;
				INFOPLIST_KEY_UILaunchStoryboardName = LaunchScreen;
				INFOPLIST_KEY_UISupportedInterfaceOrientations_iPad = "UIInterfaceOrientationPortrait UIInterfaceOrientationPortraitUpsideDown UIInterfaceOrientationLandscapeLeft UIInterfaceOrientationLandscapeRight";
				INFOPLIST_KEY_UISupportedInterfaceOrientations_iPhone = "UIInterfaceOrientationPortrait UIInterfaceOrientationLandscapeLeft UIInterfaceOrientationLandscapeRight";
				LD_RUNPATH_SEARCH_PATHS = (
					"$(inherited)",
					"@executable_path/Frameworks",
				);
				MARKETING_VERSION = 1.0;
				PRODUCT_BUNDLE_IDENTIFIER = pibadubadidad.com.UIKitHW;
				PRODUCT_NAME = "$(TARGET_NAME)";
				SWIFT_EMIT_LOC_STRINGS = YES;
				SWIFT_VERSION = 5.0;
				TARGETED_DEVICE_FAMILY = "1,2";
			};
			name = Debug;
		};
		650429A1295017630020A427 /* Release */ = {
			isa = XCBuildConfiguration;
			buildSettings = {
				ASSETCATALOG_COMPILER_APPICON_NAME = AppIcon;
				ASSETCATALOG_COMPILER_GLOBAL_ACCENT_COLOR_NAME = AccentColor;
				CODE_SIGN_STYLE = Automatic;
				CURRENT_PROJECT_VERSION = 1;
				DEVELOPMENT_TEAM = U5F242W6NH;
				GENERATE_INFOPLIST_FILE = YES;
				INFOPLIST_FILE = UIKitHW/Resources/Info.plist;
				INFOPLIST_KEY_UIApplicationSupportsIndirectInputEvents = YES;
				INFOPLIST_KEY_UILaunchStoryboardName = LaunchScreen;
				INFOPLIST_KEY_UISupportedInterfaceOrientations_iPad = "UIInterfaceOrientationPortrait UIInterfaceOrientationPortraitUpsideDown UIInterfaceOrientationLandscapeLeft UIInterfaceOrientationLandscapeRight";
				INFOPLIST_KEY_UISupportedInterfaceOrientations_iPhone = "UIInterfaceOrientationPortrait UIInterfaceOrientationLandscapeLeft UIInterfaceOrientationLandscapeRight";
				LD_RUNPATH_SEARCH_PATHS = (
					"$(inherited)",
					"@executable_path/Frameworks",
				);
				MARKETING_VERSION = 1.0;
				PRODUCT_BUNDLE_IDENTIFIER = pibadubadidad.com.UIKitHW;
				PRODUCT_NAME = "$(TARGET_NAME)";
				SWIFT_EMIT_LOC_STRINGS = YES;
				SWIFT_VERSION = 5.0;
				TARGETED_DEVICE_FAMILY = "1,2";
			};
			name = Release;
		};
/* End XCBuildConfiguration section */

/* Begin XCConfigurationList section */
		65042986295017600020A427 /* Build configuration list for PBXProject "UIKitHW" */ = {
			isa = XCConfigurationList;
			buildConfigurations = (
				6504299D295017630020A427 /* Debug */,
				6504299E295017630020A427 /* Release */,
			);
			defaultConfigurationIsVisible = 0;
			defaultConfigurationName = Release;
		};
		6504299F295017630020A427 /* Build configuration list for PBXNativeTarget "UIKitHW" */ = {
			isa = XCConfigurationList;
			buildConfigurations = (
				650429A0295017630020A427 /* Debug */,
				650429A1295017630020A427 /* Release */,
			);
			defaultConfigurationIsVisible = 0;
			defaultConfigurationName = Release;
		};
/* End XCConfigurationList section */
	};
	rootObject = 65042983295017600020A427 /* Project object */;
}
