// !$*UTF8*$!
{
	archiveVersion = 1;
	classes = {
	};
	objectVersion = 56;
	objects = {

/* Begin PBXBuildFile section */
		6504298F295017600020A427 /* AppDelegate.swift in Sources */ = {isa = PBXBuildFile; fileRef = 6504298E295017600020A427 /* AppDelegate.swift */; };
		65042993295017600020A427 /* MainViewController.swift in Sources */ = {isa = PBXBuildFile; fileRef = 65042992295017600020A427 /* MainViewController.swift */; };
		65042998295017630020A427 /* Assets.xcassets in Resources */ = {isa = PBXBuildFile; fileRef = 65042997295017630020A427 /* Assets.xcassets */; };
		6504299B295017630020A427 /* LaunchScreen.storyboard in Resources */ = {isa = PBXBuildFile; fileRef = 65042999295017630020A427 /* LaunchScreen.storyboard */; };
		AE1B37DB29506CD800D2E902 /* .gitignore in Resources */ = {isa = PBXBuildFile; fileRef = AE1B37DA29506CD800D2E902 /* .gitignore */; };
		AE22ACE2296C4C1000715A9D /* MainViewModelProtocol.swift in Sources */ = {isa = PBXBuildFile; fileRef = AE22ACE1296C4C1000715A9D /* MainViewModelProtocol.swift */; };
		AE22ACE4296C4CD500715A9D /* MainViewModel.swift in Sources */ = {isa = PBXBuildFile; fileRef = AE22ACE3296C4CD500715A9D /* MainViewModel.swift */; };
		AE22ACE7296C4E8800715A9D /* MockNetworkManager.swift in Sources */ = {isa = PBXBuildFile; fileRef = AE22ACE6296C4E8800715A9D /* MockNetworkManager.swift */; };
		AED785EF296EC50E00D39AAA /* ProductModel.swift in Sources */ = {isa = PBXBuildFile; fileRef = AED785EE296EC50E00D39AAA /* ProductModel.swift */; };
		AED785F2296EF60A00D39AAA /* CartViewModelProtocol.swift in Sources */ = {isa = PBXBuildFile; fileRef = AED785F1296EF60A00D39AAA /* CartViewModelProtocol.swift */; };
		AED785F4296EF61500D39AAA /* CartViewModel.swift in Sources */ = {isa = PBXBuildFile; fileRef = AED785F3296EF61500D39AAA /* CartViewModel.swift */; };
		AED785F6296EF63400D39AAA /* CartViewController.swift in Sources */ = {isa = PBXBuildFile; fileRef = AED785F5296EF63400D39AAA /* CartViewController.swift */; };
		AEDE5F61296C5D3600DD541F /* CategoryView.swift in Sources */ = {isa = PBXBuildFile; fileRef = AEDE5F60296C5D3600DD541F /* CategoryView.swift */; };
		AEDE5F64296D1A5400DD541F /* CategoryViewModelProtocol.swift in Sources */ = {isa = PBXBuildFile; fileRef = AEDE5F63296D1A5400DD541F /* CategoryViewModelProtocol.swift */; };
		AEDE5F66296D1A6600DD541F /* CategoryViewModel.swift in Sources */ = {isa = PBXBuildFile; fileRef = AEDE5F65296D1A6500DD541F /* CategoryViewModel.swift */; };
		AEDE5F6A296D1A9500DD541F /* CategoryViewController.swift in Sources */ = {isa = PBXBuildFile; fileRef = AEDE5F69296D1A9500DD541F /* CategoryViewController.swift */; };
		AEDE5F6D296D5F5200DD541F /* Coordinator.swift in Sources */ = {isa = PBXBuildFile; fileRef = AEDE5F6C296D5F5200DD541F /* Coordinator.swift */; };
		AEDE5F70296D60C800DD541F /* AppCoordinator.swift in Sources */ = {isa = PBXBuildFile; fileRef = AEDE5F6F296D60C800DD541F /* AppCoordinator.swift */; };
/* End PBXBuildFile section */

/* Begin PBXFileReference section */
		6504298B295017600020A427 /* UIKitHW.app */ = {isa = PBXFileReference; explicitFileType = wrapper.application; includeInIndex = 0; path = UIKitHW.app; sourceTree = BUILT_PRODUCTS_DIR; };
		6504298E295017600020A427 /* AppDelegate.swift */ = {isa = PBXFileReference; lastKnownFileType = sourcecode.swift; path = AppDelegate.swift; sourceTree = "<group>"; };
		65042992295017600020A427 /* MainViewController.swift */ = {isa = PBXFileReference; lastKnownFileType = sourcecode.swift; path = MainViewController.swift; sourceTree = "<group>"; };
		65042997295017630020A427 /* Assets.xcassets */ = {isa = PBXFileReference; lastKnownFileType = folder.assetcatalog; path = Assets.xcassets; sourceTree = "<group>"; };
		6504299A295017630020A427 /* Base */ = {isa = PBXFileReference; lastKnownFileType = file.storyboard; name = Base; path = Base.lproj/LaunchScreen.storyboard; sourceTree = "<group>"; };
		6504299C295017630020A427 /* Info.plist */ = {isa = PBXFileReference; lastKnownFileType = text.plist.xml; path = Info.plist; sourceTree = "<group>"; };
		AE1B37DA29506CD800D2E902 /* .gitignore */ = {isa = PBXFileReference; lastKnownFileType = text; path = .gitignore; sourceTree = "<group>"; };
		AE22ACE1296C4C1000715A9D /* MainViewModelProtocol.swift */ = {isa = PBXFileReference; lastKnownFileType = sourcecode.swift; path = MainViewModelProtocol.swift; sourceTree = "<group>"; };
		AE22ACE3296C4CD500715A9D /* MainViewModel.swift */ = {isa = PBXFileReference; lastKnownFileType = sourcecode.swift; path = MainViewModel.swift; sourceTree = "<group>"; };
		AE22ACE6296C4E8800715A9D /* MockNetworkManager.swift */ = {isa = PBXFileReference; lastKnownFileType = sourcecode.swift; path = MockNetworkManager.swift; sourceTree = "<group>"; };
		AED785EE296EC50E00D39AAA /* ProductModel.swift */ = {isa = PBXFileReference; lastKnownFileType = sourcecode.swift; path = ProductModel.swift; sourceTree = "<group>"; };
		AED785F1296EF60A00D39AAA /* CartViewModelProtocol.swift */ = {isa = PBXFileReference; lastKnownFileType = sourcecode.swift; path = CartViewModelProtocol.swift; sourceTree = "<group>"; };
		AED785F3296EF61500D39AAA /* CartViewModel.swift */ = {isa = PBXFileReference; lastKnownFileType = sourcecode.swift; path = CartViewModel.swift; sourceTree = "<group>"; };
		AED785F5296EF63400D39AAA /* CartViewController.swift */ = {isa = PBXFileReference; lastKnownFileType = sourcecode.swift; path = CartViewController.swift; sourceTree = "<group>"; };
		AEDE5F60296C5D3600DD541F /* CategoryView.swift */ = {isa = PBXFileReference; lastKnownFileType = sourcecode.swift; path = CategoryView.swift; sourceTree = "<group>"; };
		AEDE5F63296D1A5400DD541F /* CategoryViewModelProtocol.swift */ = {isa = PBXFileReference; lastKnownFileType = sourcecode.swift; path = CategoryViewModelProtocol.swift; sourceTree = "<group>"; };
		AEDE5F65296D1A6500DD541F /* CategoryViewModel.swift */ = {isa = PBXFileReference; lastKnownFileType = sourcecode.swift; path = CategoryViewModel.swift; sourceTree = "<group>"; };
		AEDE5F69296D1A9500DD541F /* CategoryViewController.swift */ = {isa = PBXFileReference; lastKnownFileType = sourcecode.swift; path = CategoryViewController.swift; sourceTree = "<group>"; };
		AEDE5F6C296D5F5200DD541F /* Coordinator.swift */ = {isa = PBXFileReference; lastKnownFileType = sourcecode.swift; path = Coordinator.swift; sourceTree = "<group>"; };
		AEDE5F6F296D60C800DD541F /* AppCoordinator.swift */ = {isa = PBXFileReference; lastKnownFileType = sourcecode.swift; path = AppCoordinator.swift; sourceTree = "<group>"; };
/* End PBXFileReference section */

/* Begin PBXFrameworksBuildPhase section */
		65042988295017600020A427 /* Frameworks */ = {
			isa = PBXFrameworksBuildPhase;
			buildActionMask = 2147483647;
			files = (
			);
			runOnlyForDeploymentPostprocessing = 0;
		};
/* End PBXFrameworksBuildPhase section */

/* Begin PBXGroup section */
		65042982295017600020A427 = {
			isa = PBXGroup;
			children = (
				6504298D295017600020A427 /* UIKitHW */,
				6504298C295017600020A427 /* Products */,
			);
			sourceTree = "<group>";
		};
		6504298C295017600020A427 /* Products */ = {
			isa = PBXGroup;
			children = (
				6504298B295017600020A427 /* UIKitHW.app */,
			);
			name = Products;
			sourceTree = "<group>";
		};
		6504298D295017600020A427 /* UIKitHW */ = {
			isa = PBXGroup;
			children = (
				AED785F0296EF5DC00D39AAA /* CartModule */,
				AED785ED296EC45E00D39AAA /* Models */,
				650429A329501A120020A427 /* Application */,
				650429A429501A1D0020A427 /* MainModule */,
				AEDE5F62296D1A3400DD541F /* CategoryModule */,
				AEDE5F6B296D5F3D00DD541F /* Coordinators */,
				650429A229501A0C0020A427 /* Resources */,
				AE22ACE5296C4E6200715A9D /* Services */,
			);
			path = UIKitHW;
			sourceTree = "<group>";
		};
		650429A229501A0C0020A427 /* Resources */ = {
			isa = PBXGroup;
			children = (
				65042997295017630020A427 /* Assets.xcassets */,
				65042999295017630020A427 /* LaunchScreen.storyboard */,
				6504299C295017630020A427 /* Info.plist */,
				AE1B37DA29506CD800D2E902 /* .gitignore */,
			);
			path = Resources;
			sourceTree = "<group>";
		};
		650429A329501A120020A427 /* Application */ = {
			isa = PBXGroup;
			children = (
				6504298E295017600020A427 /* AppDelegate.swift */,
			);
			path = Application;
			sourceTree = "<group>";
		};
		650429A429501A1D0020A427 /* MainModule */ = {
			isa = PBXGroup;
			children = (
				AEDE5F5F296C5D1800DD541F /* Views */,
				65042992295017600020A427 /* MainViewController.swift */,
				AE22ACE1296C4C1000715A9D /* MainViewModelProtocol.swift */,
				AE22ACE3296C4CD500715A9D /* MainViewModel.swift */,
			);
			path = MainModule;
			sourceTree = "<group>";
		};
		AE22ACE5296C4E6200715A9D /* Services */ = {
			isa = PBXGroup;
			children = (
				AE22ACE6296C4E8800715A9D /* MockNetworkManager.swift */,
			);
			path = Services;
			sourceTree = "<group>";
		};
		AED785ED296EC45E00D39AAA /* Models */ = {
			isa = PBXGroup;
			children = (
				AED785EE296EC50E00D39AAA /* ProductModel.swift */,
			);
			path = Models;
			sourceTree = "<group>";
		};
		AED785F0296EF5DC00D39AAA /* CartModule */ = {
			isa = PBXGroup;
			children = (
				AED785F1296EF60A00D39AAA /* CartViewModelProtocol.swift */,
				AED785F5296EF63400D39AAA /* CartViewController.swift */,
				AED785F3296EF61500D39AAA /* CartViewModel.swift */,
			);
			path = CartModule;
			sourceTree = "<group>";
		};
		AEDE5F5F296C5D1800DD541F /* Views */ = {
			isa = PBXGroup;
			children = (
				AEDE5F60296C5D3600DD541F /* CategoryView.swift */,
			);
			path = Views;
			sourceTree = "<group>";
		};
		AEDE5F62296D1A3400DD541F /* CategoryModule */ = {
			isa = PBXGroup;
			children = (
				AEDE5F63296D1A5400DD541F /* CategoryViewModelProtocol.swift */,
				AEDE5F69296D1A9500DD541F /* CategoryViewController.swift */,
				AEDE5F65296D1A6500DD541F /* CategoryViewModel.swift */,
			);
			path = CategoryModule;
			sourceTree = "<group>";
		};
		AEDE5F6B296D5F3D00DD541F /* Coordinators */ = {
			isa = PBXGroup;
			children = (
				AEDE5F6E296D609F00DD541F /* Protocols */,
				AEDE5F6F296D60C800DD541F /* AppCoordinator.swift */,
			);
			path = Coordinators;
			sourceTree = "<group>";
		};
		AEDE5F6E296D609F00DD541F /* Protocols */ = {
			isa = PBXGroup;
			children = (
				AEDE5F6C296D5F5200DD541F /* Coordinator.swift */,
			);
			path = Protocols;
			sourceTree = "<group>";
		};
/* End PBXGroup section */

/* Begin PBXNativeTarget section */
		6504298A295017600020A427 /* UIKitHW */ = {
			isa = PBXNativeTarget;
			buildConfigurationList = 6504299F295017630020A427 /* Build configuration list for PBXNativeTarget "UIKitHW" */;
			buildPhases = (
				65042987295017600020A427 /* Sources */,
				65042988295017600020A427 /* Frameworks */,
				65042989295017600020A427 /* Resources */,
			);
			buildRules = (
			);
			dependencies = (
			);
			name = UIKitHW;
			productName = UIKitHW;
			productReference = 6504298B295017600020A427 /* UIKitHW.app */;
			productType = "com.apple.product-type.application";
		};
/* End PBXNativeTarget section */

/* Begin PBXProject section */
		65042983295017600020A427 /* Project object */ = {
			isa = PBXProject;
			attributes = {
				BuildIndependentTargetsInParallel = 1;
				LastSwiftUpdateCheck = 1420;
				LastUpgradeCheck = 1420;
				TargetAttributes = {
					6504298A295017600020A427 = {
						CreatedOnToolsVersion = 14.2;
					};
				};
			};
			buildConfigurationList = 65042986295017600020A427 /* Build configuration list for PBXProject "UIKitHW" */;
			compatibilityVersion = "Xcode 14.0";
			developmentRegion = en;
			hasScannedForEncodings = 0;
			knownRegions = (
				en,
				Base,
			);
			mainGroup = 65042982295017600020A427;
			productRefGroup = 6504298C295017600020A427 /* Products */;
			projectDirPath = "";
			projectRoot = "";
			targets = (
				6504298A295017600020A427 /* UIKitHW */,
			);
		};
/* End PBXProject section */

/* Begin PBXResourcesBuildPhase section */
		65042989295017600020A427 /* Resources */ = {
			isa = PBXResourcesBuildPhase;
			buildActionMask = 2147483647;
			files = (
				6504299B295017630020A427 /* LaunchScreen.storyboard in Resources */,
				AE1B37DB29506CD800D2E902 /* .gitignore in Resources */,
				65042998295017630020A427 /* Assets.xcassets in Resources */,
			);
			runOnlyForDeploymentPostprocessing = 0;
		};
/* End PBXResourcesBuildPhase section */

/* Begin PBXSourcesBuildPhase section */
		65042987295017600020A427 /* Sources */ = {
			isa = PBXSourcesBuildPhase;
			buildActionMask = 2147483647;
			files = (
				AEDE5F70296D60C800DD541F /* AppCoordinator.swift in Sources */,
				65042993295017600020A427 /* MainViewController.swift in Sources */,
				AED785F4296EF61500D39AAA /* CartViewModel.swift in Sources */,
				AEDE5F64296D1A5400DD541F /* CategoryViewModelProtocol.swift in Sources */,
				AEDE5F6D296D5F5200DD541F /* Coordinator.swift in Sources */,
				6504298F295017600020A427 /* AppDelegate.swift in Sources */,
				AEDE5F61296C5D3600DD541F /* CategoryView.swift in Sources */,
				AED785F6296EF63400D39AAA /* CartViewController.swift in Sources */,
				AEDE5F66296D1A6600DD541F /* CategoryViewModel.swift in Sources */,
				AED785EF296EC50E00D39AAA /* ProductModel.swift in Sources */,
				AE22ACE4296C4CD500715A9D /* MainViewModel.swift in Sources */,
				AE22ACE2296C4C1000715A9D /* MainViewModelProtocol.swift in Sources */,
				AED785F2296EF60A00D39AAA /* CartViewModelProtocol.swift in Sources */,
				AEDE5F6A296D1A9500DD541F /* CategoryViewController.swift in Sources */,
				AE22ACE7296C4E8800715A9D /* MockNetworkManager.swift in Sources */,
			);
			runOnlyForDeploymentPostprocessing = 0;
		};
/* End PBXSourcesBuildPhase section */

/* Begin PBXVariantGroup section */
		65042999295017630020A427 /* LaunchScreen.storyboard */ = {
			isa = PBXVariantGroup;
			children = (
				6504299A295017630020A427 /* Base */,
			);
			name = LaunchScreen.storyboard;
			sourceTree = "<group>";
		};
/* End PBXVariantGroup section */

/* Begin XCBuildConfiguration section */
		6504299D295017630020A427 /* Debug */ = {
			isa = XCBuildConfiguration;
			buildSettings = {
				ALWAYS_SEARCH_USER_PATHS = NO;
				CLANG_ANALYZER_NONNULL = YES;
				CLANG_ANALYZER_NUMBER_OBJECT_CONVERSION = YES_AGGRESSIVE;
				CLANG_CXX_LANGUAGE_STANDARD = "gnu++20";
				CLANG_ENABLE_MODULES = YES;
				CLANG_ENABLE_OBJC_ARC = YES;
				CLANG_ENABLE_OBJC_WEAK = YES;
				CLANG_WARN_BLOCK_CAPTURE_AUTORELEASING = YES;
				CLANG_WARN_BOOL_CONVERSION = YES;
				CLANG_WARN_COMMA = YES;
				CLANG_WARN_CONSTANT_CONVERSION = YES;
				CLANG_WARN_DEPRECATED_OBJC_IMPLEMENTATIONS = YES;
				CLANG_WARN_DIRECT_OBJC_ISA_USAGE = YES_ERROR;
				CLANG_WARN_DOCUMENTATION_COMMENTS = YES;
				CLANG_WARN_EMPTY_BODY = YES;
				CLANG_WARN_ENUM_CONVERSION = YES;
				CLANG_WARN_INFINITE_RECURSION = YES;
				CLANG_WARN_INT_CONVERSION = YES;
				CLANG_WARN_NON_LITERAL_NULL_CONVERSION = YES;
				CLANG_WARN_OBJC_IMPLICIT_RETAIN_SELF = YES;
				CLANG_WARN_OBJC_LITERAL_CONVERSION = YES;
				CLANG_WARN_OBJC_ROOT_CLASS = YES_ERROR;
				CLANG_WARN_QUOTED_INCLUDE_IN_FRAMEWORK_HEADER = YES;
				CLANG_WARN_RANGE_LOOP_ANALYSIS = YES;
				CLANG_WARN_STRICT_PROTOTYPES = YES;
				CLANG_WARN_SUSPICIOUS_MOVE = YES;
				CLANG_WARN_UNGUARDED_AVAILABILITY = YES_AGGRESSIVE;
				CLANG_WARN_UNREACHABLE_CODE = YES;
				CLANG_WARN__DUPLICATE_METHOD_MATCH = YES;
				COPY_PHASE_STRIP = NO;
				DEBUG_INFORMATION_FORMAT = dwarf;
				ENABLE_STRICT_OBJC_MSGSEND = YES;
				ENABLE_TESTABILITY = YES;
				GCC_C_LANGUAGE_STANDARD = gnu11;
				GCC_DYNAMIC_NO_PIC = NO;
				GCC_NO_COMMON_BLOCKS = YES;
				GCC_OPTIMIZATION_LEVEL = 0;
				GCC_PREPROCESSOR_DEFINITIONS = (
					"DEBUG=1",
					"$(inherited)",
				);
				GCC_WARN_64_TO_32_BIT_CONVERSION = YES;
				GCC_WARN_ABOUT_RETURN_TYPE = YES_ERROR;
				GCC_WARN_UNDECLARED_SELECTOR = YES;
				GCC_WARN_UNINITIALIZED_AUTOS = YES_AGGRESSIVE;
				GCC_WARN_UNUSED_FUNCTION = YES;
				GCC_WARN_UNUSED_VARIABLE = YES;
				IPHONEOS_DEPLOYMENT_TARGET = 16.2;
				MTL_ENABLE_DEBUG_INFO = INCLUDE_SOURCE;
				MTL_FAST_MATH = YES;
				ONLY_ACTIVE_ARCH = YES;
				SDKROOT = iphoneos;
				SWIFT_ACTIVE_COMPILATION_CONDITIONS = DEBUG;
				SWIFT_OPTIMIZATION_LEVEL = "-Onone";
			};
			name = Debug;
		};
		6504299E295017630020A427 /* Release */ = {
			isa = XCBuildConfiguration;
			buildSettings = {
				ALWAYS_SEARCH_USER_PATHS = NO;
				CLANG_ANALYZER_NONNULL = YES;
				CLANG_ANALYZER_NUMBER_OBJECT_CONVERSION = YES_AGGRESSIVE;
				CLANG_CXX_LANGUAGE_STANDARD = "gnu++20";
				CLANG_ENABLE_MODULES = YES;
				CLANG_ENABLE_OBJC_ARC = YES;
				CLANG_ENABLE_OBJC_WEAK = YES;
				CLANG_WARN_BLOCK_CAPTURE_AUTORELEASING = YES;
				CLANG_WARN_BOOL_CONVERSION = YES;
				CLANG_WARN_COMMA = YES;
				CLANG_WARN_CONSTANT_CONVERSION = YES;
				CLANG_WARN_DEPRECATED_OBJC_IMPLEMENTATIONS = YES;
				CLANG_WARN_DIRECT_OBJC_ISA_USAGE = YES_ERROR;
				CLANG_WARN_DOCUMENTATION_COMMENTS = YES;
				CLANG_WARN_EMPTY_BODY = YES;
				CLANG_WARN_ENUM_CONVERSION = YES;
				CLANG_WARN_INFINITE_RECURSION = YES;
				CLANG_WARN_INT_CONVERSION = YES;
				CLANG_WARN_NON_LITERAL_NULL_CONVERSION = YES;
				CLANG_WARN_OBJC_IMPLICIT_RETAIN_SELF = YES;
				CLANG_WARN_OBJC_LITERAL_CONVERSION = YES;
				CLANG_WARN_OBJC_ROOT_CLASS = YES_ERROR;
				CLANG_WARN_QUOTED_INCLUDE_IN_FRAMEWORK_HEADER = YES;
				CLANG_WARN_RANGE_LOOP_ANALYSIS = YES;
				CLANG_WARN_STRICT_PROTOTYPES = YES;
				CLANG_WARN_SUSPICIOUS_MOVE = YES;
				CLANG_WARN_UNGUARDED_AVAILABILITY = YES_AGGRESSIVE;
				CLANG_WARN_UNREACHABLE_CODE = YES;
				CLANG_WARN__DUPLICATE_METHOD_MATCH = YES;
				COPY_PHASE_STRIP = NO;
				DEBUG_INFORMATION_FORMAT = "dwarf-with-dsym";
				ENABLE_NS_ASSERTIONS = NO;
				ENABLE_STRICT_OBJC_MSGSEND = YES;
				GCC_C_LANGUAGE_STANDARD = gnu11;
				GCC_NO_COMMON_BLOCKS = YES;
				GCC_WARN_64_TO_32_BIT_CONVERSION = YES;
				GCC_WARN_ABOUT_RETURN_TYPE = YES_ERROR;
				GCC_WARN_UNDECLARED_SELECTOR = YES;
				GCC_WARN_UNINITIALIZED_AUTOS = YES_AGGRESSIVE;
				GCC_WARN_UNUSED_FUNCTION = YES;
				GCC_WARN_UNUSED_VARIABLE = YES;
				IPHONEOS_DEPLOYMENT_TARGET = 16.2;
				MTL_ENABLE_DEBUG_INFO = NO;
				MTL_FAST_MATH = YES;
				SDKROOT = iphoneos;
				SWIFT_COMPILATION_MODE = wholemodule;
				SWIFT_OPTIMIZATION_LEVEL = "-O";
				VALIDATE_PRODUCT = YES;
			};
			name = Release;
		};
		650429A0295017630020A427 /* Debug */ = {
			isa = XCBuildConfiguration;
			buildSettings = {
				ASSETCATALOG_COMPILER_APPICON_NAME = AppIcon;
				ASSETCATALOG_COMPILER_GLOBAL_ACCENT_COLOR_NAME = AccentColor;
				CODE_SIGN_STYLE = Automatic;
				CURRENT_PROJECT_VERSION = 1;
				DEVELOPMENT_TEAM = U5F242W6NH;
				GENERATE_INFOPLIST_FILE = YES;
				INFOPLIST_FILE = UIKitHW/Resources/Info.plist;
				INFOPLIST_KEY_UIApplicationSupportsIndirectInputEvents = YES;
				INFOPLIST_KEY_UILaunchStoryboardName = LaunchScreen;
				INFOPLIST_KEY_UISupportedInterfaceOrientations_iPad = "UIInterfaceOrientationPortrait UIInterfaceOrientationPortraitUpsideDown UIInterfaceOrientationLandscapeLeft UIInterfaceOrientationLandscapeRight";
				INFOPLIST_KEY_UISupportedInterfaceOrientations_iPhone = "UIInterfaceOrientationPortrait UIInterfaceOrientationLandscapeLeft UIInterfaceOrientationLandscapeRight";
				LD_RUNPATH_SEARCH_PATHS = (
					"$(inherited)",
					"@executable_path/Frameworks",
				);
				MARKETING_VERSION = 1.0;
				PRODUCT_BUNDLE_IDENTIFIER = pibadubadidad.com.UIKitHW;
				PRODUCT_NAME = "$(TARGET_NAME)";
				SWIFT_EMIT_LOC_STRINGS = YES;
				SWIFT_VERSION = 5.0;
				TARGETED_DEVICE_FAMILY = "1,2";
			};
			name = Debug;
		};
		650429A1295017630020A427 /* Release */ = {
			isa = XCBuildConfiguration;
			buildSettings = {
				ASSETCATALOG_COMPILER_APPICON_NAME = AppIcon;
				ASSETCATALOG_COMPILER_GLOBAL_ACCENT_COLOR_NAME = AccentColor;
				CODE_SIGN_STYLE = Automatic;
				CURRENT_PROJECT_VERSION = 1;
				DEVELOPMENT_TEAM = U5F242W6NH;
				GENERATE_INFOPLIST_FILE = YES;
				INFOPLIST_FILE = UIKitHW/Resources/Info.plist;
				INFOPLIST_KEY_UIApplicationSupportsIndirectInputEvents = YES;
				INFOPLIST_KEY_UILaunchStoryboardName = LaunchScreen;
				INFOPLIST_KEY_UISupportedInterfaceOrientations_iPad = "UIInterfaceOrientationPortrait UIInterfaceOrientationPortraitUpsideDown UIInterfaceOrientationLandscapeLeft UIInterfaceOrientationLandscapeRight";
				INFOPLIST_KEY_UISupportedInterfaceOrientations_iPhone = "UIInterfaceOrientationPortrait UIInterfaceOrientationLandscapeLeft UIInterfaceOrientationLandscapeRight";
				LD_RUNPATH_SEARCH_PATHS = (
					"$(inherited)",
					"@executable_path/Frameworks",
				);
				MARKETING_VERSION = 1.0;
				PRODUCT_BUNDLE_IDENTIFIER = pibadubadidad.com.UIKitHW;
				PRODUCT_NAME = "$(TARGET_NAME)";
				SWIFT_EMIT_LOC_STRINGS = YES;
				SWIFT_VERSION = 5.0;
				TARGETED_DEVICE_FAMILY = "1,2";
			};
			name = Release;
		};
/* End XCBuildConfiguration section */

/* Begin XCConfigurationList section */
		65042986295017600020A427 /* Build configuration list for PBXProject "UIKitHW" */ = {
			isa = XCConfigurationList;
			buildConfigurations = (
				6504299D295017630020A427 /* Debug */,
				6504299E295017630020A427 /* Release */,
			);
			defaultConfigurationIsVisible = 0;
			defaultConfigurationName = Release;
		};
		6504299F295017630020A427 /* Build configuration list for PBXNativeTarget "UIKitHW" */ = {
			isa = XCConfigurationList;
			buildConfigurations = (
				650429A0295017630020A427 /* Debug */,
				650429A1295017630020A427 /* Release */,
			);
			defaultConfigurationIsVisible = 0;
			defaultConfigurationName = Release;
		};
/* End XCConfigurationList section */
	};
	rootObject = 65042983295017600020A427 /* Project object */;
}
